
Microsoft Visual Studio Solution File, Format Version 12.00
# Visual Studio Version 17
VisualStudioVersion = 17.13.35931.197 d17.13
MinimumVisualStudioVersion = 10.0.40219.1
Project("{FAE04EC0-301F-11D3-BF4B-00C04F79EFBC}") = "PetCareServicios", "PetCareServicios.csproj", "{D6E2463D-183D-4460-9D94-2742C1EDCAA3}"
EndProject
Global
	GlobalSection(SolutionConfigurationPlatforms) = preSolution
		Debug|Any CPU = Debug|Any CPU
		Release|Any CPU = Release|Any CPU
	EndGlobalSection
	GlobalSection(ProjectConfigurationPlatforms) = postSolution
		{D6E2463D-183D-4460-9D94-2742C1EDCAA3}.Debug|Any CPU.ActiveCfg = Debug|Any CPU
		{D6E2463D-183D-4460-9D94-2742C1EDCAA3}.Debug|Any CPU.Build.0 = Debug|Any CPU
		{D6E2463D-183D-4460-9D94-2742C1EDCAA3}.Release|Any CPU.ActiveCfg = Release|Any CPU
		{D6E2463D-183D-4460-9D94-2742C1EDCAA3}.Release|Any CPU.Build.0 = Release|Any CPU
	EndGlobalSection
	GlobalSection(SolutionProperties) = preSolution
		HideSolutionNode = FALSE
	EndGlobalSection
	GlobalSection(ExtensibilityGlobals) = postSolution
		SolutionGuid = {514F00C9-FDFC-4868-84AB-A952380224EA}
	EndGlobalSection
EndGlobal
